
Microsoft Visual Studio Solution File, Format Version 12.00
# Visual Studio Version 17
VisualStudioVersion = 17.4.33403.182
MinimumVisualStudioVersion = 10.0.40219.1
Project("{FAE04EC0-301F-11D3-BF4B-00C04F79EFBC}") = "ProgramaProduto", "ProgramaProduto\ProgramaProduto.csproj", "{A3CE5772-FE15-48B4-BACD-7F6692B2560E}"
EndProject
Global
	GlobalSection(SolutionConfigurationPlatforms) = preSolution
		Debug|Any CPU = Debug|Any CPU
		Release|Any CPU = Release|Any CPU
	EndGlobalSection
	GlobalSection(ProjectConfigurationPlatforms) = postSolution
		{A3CE5772-FE15-48B4-BACD-7F6692B2560E}.Debug|Any CPU.ActiveCfg = Debug|Any CPU
		{A3CE5772-FE15-48B4-BACD-7F6692B2560E}.Debug|Any CPU.Build.0 = Debug|Any CPU
		{A3CE5772-FE15-48B4-BACD-7F6692B2560E}.Release|Any CPU.ActiveCfg = Release|Any CPU
		{A3CE5772-FE15-48B4-BACD-7F6692B2560E}.Release|Any CPU.Build.0 = Release|Any CPU
	EndGlobalSection
	GlobalSection(SolutionProperties) = preSolution
		HideSolutionNode = FALSE
	EndGlobalSection
	GlobalSection(ExtensibilityGlobals) = postSolution
		SolutionGuid = {4899C978-15D9-48F1-A91E-20CE26521FBE}
	EndGlobalSection
EndGlobal
