
Microsoft Visual Studio Solution File, Format Version 12.00
# Visual Studio Version 17
VisualStudioVersion = 17.4.33403.182
MinimumVisualStudioVersion = 10.0.40219.1
Project("{FAE04EC0-301F-11D3-BF4B-00C04F79EFBC}") = "Problema sem OO", "Problema sem OO\Problema sem OO.csproj", "{B042DDDC-C748-43D6-813D-AEA928D2FCC4}"
EndProject
Global
	GlobalSection(SolutionConfigurationPlatforms) = preSolution
		Debug|Any CPU = Debug|Any CPU
		Release|Any CPU = Release|Any CPU
	EndGlobalSection
	GlobalSection(ProjectConfigurationPlatforms) = postSolution
		{B042DDDC-C748-43D6-813D-AEA928D2FCC4}.Debug|Any CPU.ActiveCfg = Debug|Any CPU
		{B042DDDC-C748-43D6-813D-AEA928D2FCC4}.Debug|Any CPU.Build.0 = Debug|Any CPU
		{B042DDDC-C748-43D6-813D-AEA928D2FCC4}.Release|Any CPU.ActiveCfg = Release|Any CPU
		{B042DDDC-C748-43D6-813D-AEA928D2FCC4}.Release|Any CPU.Build.0 = Release|Any CPU
	EndGlobalSection
	GlobalSection(SolutionProperties) = preSolution
		HideSolutionNode = FALSE
	EndGlobalSection
	GlobalSection(ExtensibilityGlobals) = postSolution
		SolutionGuid = {CE28223F-2216-4392-B373-04AA94618074}
	EndGlobalSection
EndGlobal
